
Microsoft Visual Studio Solution File, Format Version 12.00
# Visual Studio Version 16
VisualStudioVersion = 16.0.32106.194
MinimumVisualStudioVersion = 10.0.40219.1
Project("{FAE04EC0-301F-11D3-BF4B-00C04F79EFBC}") = "BookMall.Web", "BookMall.Web\BookMall.Web.csproj", "{CC4568A9-2995-4E8E-B09E-8FC153843799}"
EndProject
Global
	GlobalSection(SolutionConfigurationPlatforms) = preSolution
		Debug|Any CPU = Debug|Any CPU
		Release|Any CPU = Release|Any CPU
	EndGlobalSection
	GlobalSection(ProjectConfigurationPlatforms) = postSolution
		{CC4568A9-2995-4E8E-B09E-8FC153843799}.Debug|Any CPU.ActiveCfg = Debug|Any CPU
		{CC4568A9-2995-4E8E-B09E-8FC153843799}.Debug|Any CPU.Build.0 = Debug|Any CPU
		{CC4568A9-2995-4E8E-B09E-8FC153843799}.Release|Any CPU.ActiveCfg = Release|Any CPU
		{CC4568A9-2995-4E8E-B09E-8FC153843799}.Release|Any CPU.Build.0 = Release|Any CPU
	EndGlobalSection
	GlobalSection(SolutionProperties) = preSolution
		HideSolutionNode = FALSE
	EndGlobalSection
	GlobalSection(ExtensibilityGlobals) = postSolution
		SolutionGuid = {8D4A7C07-5762-4C5E-9224-C812A16849B8}
	EndGlobalSection
EndGlobal
